// !$*UTF8*$!
{
	archiveVersion = 1;
	classes = {
	};
	objectVersion = 46;
	objects = {

/* Begin PBXBuildFile section */
		60334261163238E700DC2213 /* MapViewController.m in Sources */ = {isa = PBXBuildFile; fileRef = 6033425F163238E700DC2213 /* MapViewController.m */; };
		60334262163238E700DC2213 /* MapViewController.xib in Resources */ = {isa = PBXBuildFile; fileRef = 60334260163238E700DC2213 /* MapViewController.xib */; };
		6033427116323A2300DC2213 /* ListViewController.m in Sources */ = {isa = PBXBuildFile; fileRef = 6033426F16323A2300DC2213 /* ListViewController.m */; };
		6033427216323A2300DC2213 /* ListViewController.xib in Resources */ = {isa = PBXBuildFile; fileRef = 6033427016323A2300DC2213 /* ListViewController.xib */; };
		6033427616323A4200DC2213 /* FavoritesViewController.m in Sources */ = {isa = PBXBuildFile; fileRef = 6033427416323A4200DC2213 /* FavoritesViewController.m */; };
		6033427716323A4200DC2213 /* FavoritesViewController.xib in Resources */ = {isa = PBXBuildFile; fileRef = 6033427516323A4200DC2213 /* FavoritesViewController.xib */; };
		6033427C16323B5400DC2213 /* groupIcon.png in Resources */ = {isa = PBXBuildFile; fileRef = 6033427816323B5400DC2213 /* groupIcon.png */; };
		6033427D16323B5400DC2213 /* macbookIcon.png in Resources */ = {isa = PBXBuildFile; fileRef = 6033427916323B5400DC2213 /* macbookIcon.png */; };
		6033427E16323B5400DC2213 /* mapIcon.png in Resources */ = {isa = PBXBuildFile; fileRef = 6033427A16323B5400DC2213 /* mapIcon.png */; };
		6033427F16323B5400DC2213 /* starIcon.png in Resources */ = {isa = PBXBuildFile; fileRef = 6033427B16323B5400DC2213 /* starIcon.png */; };
		6033428316324E0D00DC2213 /* MapKit.framework in Frameworks */ = {isa = PBXBuildFile; fileRef = 6033428216324E0D00DC2213 /* MapKit.framework */; };
		603342871632513000DC2213 /* Favorites.m in Sources */ = {isa = PBXBuildFile; fileRef = 603342861632513000DC2213 /* Favorites.m */; };
		60EBE32E16293EE00052B514 /* UIKit.framework in Frameworks */ = {isa = PBXBuildFile; fileRef = 60EBE32D16293EE00052B514 /* UIKit.framework */; };
		60EBE33016293EE00052B514 /* Foundation.framework in Frameworks */ = {isa = PBXBuildFile; fileRef = 60EBE32F16293EE00052B514 /* Foundation.framework */; };
		60EBE33216293EE00052B514 /* CoreGraphics.framework in Frameworks */ = {isa = PBXBuildFile; fileRef = 60EBE33116293EE00052B514 /* CoreGraphics.framework */; };
		60EBE33416293EE00052B514 /* CoreData.framework in Frameworks */ = {isa = PBXBuildFile; fileRef = 60EBE33316293EE00052B514 /* CoreData.framework */; };
		60EBE33A16293EE00052B514 /* InfoPlist.strings in Resources */ = {isa = PBXBuildFile; fileRef = 60EBE33816293EE00052B514 /* InfoPlist.strings */; };
		60EBE33C16293EE00052B514 /* main.m in Sources */ = {isa = PBXBuildFile; fileRef = 60EBE33B16293EE00052B514 /* main.m */; };
		60EBE34016293EE00052B514 /* AppDelegate.m in Sources */ = {isa = PBXBuildFile; fileRef = 60EBE33F16293EE00052B514 /* AppDelegate.m */; };
		60EBE34316293EE00052B514 /* rover3.xcdatamodeld in Sources */ = {isa = PBXBuildFile; fileRef = 60EBE34116293EE00052B514 /* rover3.xcdatamodeld */; };
		E01F9D5B16326F1200294237 /* DetailedViewController.m in Sources */ = {isa = PBXBuildFile; fileRef = E01F9D5A16326F1200294237 /* DetailedViewController.m */; };
		E0D3DC091631D4B90008A612 /* NSObject+SBJson.m in Sources */ = {isa = PBXBuildFile; fileRef = E0D3DBF11631D4B90008A612 /* NSObject+SBJson.m */; };
		E0D3DC0A1631D4B90008A612 /* SBJsonParser.m in Sources */ = {isa = PBXBuildFile; fileRef = E0D3DBF41631D4B90008A612 /* SBJsonParser.m */; };
		E0D3DC0B1631D4B90008A612 /* SBJsonStreamParser.m in Sources */ = {isa = PBXBuildFile; fileRef = E0D3DBF61631D4B90008A612 /* SBJsonStreamParser.m */; };
		E0D3DC0C1631D4B90008A612 /* SBJsonStreamParserAccumulator.m in Sources */ = {isa = PBXBuildFile; fileRef = E0D3DBF81631D4B90008A612 /* SBJsonStreamParserAccumulator.m */; };
		E0D3DC0D1631D4B90008A612 /* SBJsonStreamParserAdapter.m in Sources */ = {isa = PBXBuildFile; fileRef = E0D3DBFA1631D4B90008A612 /* SBJsonStreamParserAdapter.m */; };
		E0D3DC0E1631D4B90008A612 /* SBJsonStreamParserState.m in Sources */ = {isa = PBXBuildFile; fileRef = E0D3DBFC1631D4B90008A612 /* SBJsonStreamParserState.m */; };
		E0D3DC0F1631D4B90008A612 /* SBJsonStreamWriter.m in Sources */ = {isa = PBXBuildFile; fileRef = E0D3DBFE1631D4B90008A612 /* SBJsonStreamWriter.m */; };
		E0D3DC101631D4B90008A612 /* SBJsonStreamWriterAccumulator.m in Sources */ = {isa = PBXBuildFile; fileRef = E0D3DC001631D4B90008A612 /* SBJsonStreamWriterAccumulator.m */; };
		E0D3DC111631D4B90008A612 /* SBJsonStreamWriterState.m in Sources */ = {isa = PBXBuildFile; fileRef = E0D3DC021631D4B90008A612 /* SBJsonStreamWriterState.m */; };
		E0D3DC121631D4B90008A612 /* SBJsonTokeniser.m in Sources */ = {isa = PBXBuildFile; fileRef = E0D3DC041631D4B90008A612 /* SBJsonTokeniser.m */; };
		E0D3DC131631D4B90008A612 /* SBJsonUTF8Stream.m in Sources */ = {isa = PBXBuildFile; fileRef = E0D3DC061631D4B90008A612 /* SBJsonUTF8Stream.m */; };
		E0D3DC141631D4B90008A612 /* SBJsonWriter.m in Sources */ = {isa = PBXBuildFile; fileRef = E0D3DC081631D4B90008A612 /* SBJsonWriter.m */; };
		E0D3DC1A1631E2B20008A612 /* CoreLocation.framework in Frameworks */ = {isa = PBXBuildFile; fileRef = E0D3DC181631E29A0008A612 /* CoreLocation.framework */; };
		E0D3DC1D1631E7F00008A612 /* PlacesModelViewController.m in Sources */ = {isa = PBXBuildFile; fileRef = E0D3DC1C1631E7F00008A612 /* PlacesModelViewController.m */; };
/* End PBXBuildFile section */

/* Begin PBXFileReference section */
		6033425E163238E700DC2213 /* MapViewController.h */ = {isa = PBXFileReference; fileEncoding = 4; lastKnownFileType = sourcecode.c.h; path = MapViewController.h; sourceTree = "<group>"; };
		6033425F163238E700DC2213 /* MapViewController.m */ = {isa = PBXFileReference; fileEncoding = 4; lastKnownFileType = sourcecode.c.objc; path = MapViewController.m; sourceTree = "<group>"; };
		60334260163238E700DC2213 /* MapViewController.xib */ = {isa = PBXFileReference; fileEncoding = 4; lastKnownFileType = file.xib; path = MapViewController.xib; sourceTree = "<group>"; };
		6033426E16323A2300DC2213 /* ListViewController.h */ = {isa = PBXFileReference; fileEncoding = 4; lastKnownFileType = sourcecode.c.h; path = ListViewController.h; sourceTree = "<group>"; };
		6033426F16323A2300DC2213 /* ListViewController.m */ = {isa = PBXFileReference; fileEncoding = 4; lastKnownFileType = sourcecode.c.objc; path = ListViewController.m; sourceTree = "<group>"; };
		6033427016323A2300DC2213 /* ListViewController.xib */ = {isa = PBXFileReference; fileEncoding = 4; lastKnownFileType = file.xib; path = ListViewController.xib; sourceTree = "<group>"; };
		6033427316323A4200DC2213 /* FavoritesViewController.h */ = {isa = PBXFileReference; fileEncoding = 4; lastKnownFileType = sourcecode.c.h; path = FavoritesViewController.h; sourceTree = "<group>"; };
		6033427416323A4200DC2213 /* FavoritesViewController.m */ = {isa = PBXFileReference; fileEncoding = 4; lastKnownFileType = sourcecode.c.objc; path = FavoritesViewController.m; sourceTree = "<group>"; };
		6033427516323A4200DC2213 /* FavoritesViewController.xib */ = {isa = PBXFileReference; fileEncoding = 4; lastKnownFileType = file.xib; path = FavoritesViewController.xib; sourceTree = "<group>"; };
		6033427816323B5400DC2213 /* groupIcon.png */ = {isa = PBXFileReference; lastKnownFileType = image.png; name = groupIcon.png; path = images/groupIcon.png; sourceTree = "<group>"; };
		6033427916323B5400DC2213 /* macbookIcon.png */ = {isa = PBXFileReference; lastKnownFileType = image.png; name = macbookIcon.png; path = images/macbookIcon.png; sourceTree = "<group>"; };
		6033427A16323B5400DC2213 /* mapIcon.png */ = {isa = PBXFileReference; lastKnownFileType = image.png; name = mapIcon.png; path = images/mapIcon.png; sourceTree = "<group>"; };
		6033427B16323B5400DC2213 /* starIcon.png */ = {isa = PBXFileReference; lastKnownFileType = image.png; name = starIcon.png; path = images/starIcon.png; sourceTree = "<group>"; };
		6033428216324E0D00DC2213 /* MapKit.framework */ = {isa = PBXFileReference; lastKnownFileType = wrapper.framework; name = MapKit.framework; path = System/Library/Frameworks/MapKit.framework; sourceTree = SDKROOT; };
		603342851632513000DC2213 /* Favorites.h */ = {isa = PBXFileReference; fileEncoding = 4; lastKnownFileType = sourcecode.c.h; path = Favorites.h; sourceTree = "<group>"; };
		603342861632513000DC2213 /* Favorites.m */ = {isa = PBXFileReference; fileEncoding = 4; lastKnownFileType = sourcecode.c.objc; path = Favorites.m; sourceTree = "<group>"; };
		60EBE32916293EE00052B514 /* rover3.app */ = {isa = PBXFileReference; explicitFileType = wrapper.application; includeInIndex = 0; path = rover3.app; sourceTree = BUILT_PRODUCTS_DIR; };
		60EBE32D16293EE00052B514 /* UIKit.framework */ = {isa = PBXFileReference; lastKnownFileType = wrapper.framework; name = UIKit.framework; path = System/Library/Frameworks/UIKit.framework; sourceTree = SDKROOT; };
		60EBE32F16293EE00052B514 /* Foundation.framework */ = {isa = PBXFileReference; lastKnownFileType = wrapper.framework; name = Foundation.framework; path = System/Library/Frameworks/Foundation.framework; sourceTree = SDKROOT; };
		60EBE33116293EE00052B514 /* CoreGraphics.framework */ = {isa = PBXFileReference; lastKnownFileType = wrapper.framework; name = CoreGraphics.framework; path = System/Library/Frameworks/CoreGraphics.framework; sourceTree = SDKROOT; };
		60EBE33316293EE00052B514 /* CoreData.framework */ = {isa = PBXFileReference; lastKnownFileType = wrapper.framework; name = CoreData.framework; path = System/Library/Frameworks/CoreData.framework; sourceTree = SDKROOT; };
		60EBE33716293EE00052B514 /* rover3-Info.plist */ = {isa = PBXFileReference; lastKnownFileType = text.plist.xml; path = "rover3-Info.plist"; sourceTree = "<group>"; };
		60EBE33916293EE00052B514 /* en */ = {isa = PBXFileReference; lastKnownFileType = text.plist.strings; name = en; path = en.lproj/InfoPlist.strings; sourceTree = "<group>"; };
		60EBE33B16293EE00052B514 /* main.m */ = {isa = PBXFileReference; lastKnownFileType = sourcecode.c.objc; path = main.m; sourceTree = "<group>"; };
		60EBE33D16293EE00052B514 /* rover3-Prefix.pch */ = {isa = PBXFileReference; lastKnownFileType = sourcecode.c.h; path = "rover3-Prefix.pch"; sourceTree = "<group>"; };
		60EBE33E16293EE00052B514 /* AppDelegate.h */ = {isa = PBXFileReference; lastKnownFileType = sourcecode.c.h; path = AppDelegate.h; sourceTree = "<group>"; };
		60EBE33F16293EE00052B514 /* AppDelegate.m */ = {isa = PBXFileReference; lastKnownFileType = sourcecode.c.objc; path = AppDelegate.m; sourceTree = "<group>"; };
		60EBE34216293EE00052B514 /* rover3.xcdatamodel */ = {isa = PBXFileReference; lastKnownFileType = wrapper.xcdatamodel; path = rover3.xcdatamodel; sourceTree = "<group>"; };
		E01F9D5916326F1200294237 /* DetailedViewController.h */ = {isa = PBXFileReference; fileEncoding = 4; lastKnownFileType = sourcecode.c.h; path = DetailedViewController.h; sourceTree = "<group>"; };
		E01F9D5A16326F1200294237 /* DetailedViewController.m */ = {isa = PBXFileReference; fileEncoding = 4; lastKnownFileType = sourcecode.c.objc; path = DetailedViewController.m; sourceTree = "<group>"; };
		E0D3DBF01631D4B90008A612 /* NSObject+SBJson.h */ = {isa = PBXFileReference; fileEncoding = 4; lastKnownFileType = sourcecode.c.h; name = "NSObject+SBJson.h"; path = "Classes/NSObject+SBJson.h"; sourceTree = "<group>"; };
		E0D3DBF11631D4B90008A612 /* NSObject+SBJson.m */ = {isa = PBXFileReference; fileEncoding = 4; lastKnownFileType = sourcecode.c.objc; name = "NSObject+SBJson.m"; path = "Classes/NSObject+SBJson.m"; sourceTree = "<group>"; };
		E0D3DBF21631D4B90008A612 /* SBJson.h */ = {isa = PBXFileReference; fileEncoding = 4; lastKnownFileType = sourcecode.c.h; name = SBJson.h; path = Classes/SBJson.h; sourceTree = "<group>"; };
		E0D3DBF31631D4B90008A612 /* SBJsonParser.h */ = {isa = PBXFileReference; fileEncoding = 4; lastKnownFileType = sourcecode.c.h; name = SBJsonParser.h; path = Classes/SBJsonParser.h; sourceTree = "<group>"; };
		E0D3DBF41631D4B90008A612 /* SBJsonParser.m */ = {isa = PBXFileReference; fileEncoding = 4; lastKnownFileType = sourcecode.c.objc; name = SBJsonParser.m; path = Classes/SBJsonParser.m; sourceTree = "<group>"; };
		E0D3DBF51631D4B90008A612 /* SBJsonStreamParser.h */ = {isa = PBXFileReference; fileEncoding = 4; lastKnownFileType = sourcecode.c.h; name = SBJsonStreamParser.h; path = Classes/SBJsonStreamParser.h; sourceTree = "<group>"; };
		E0D3DBF61631D4B90008A612 /* SBJsonStreamParser.m */ = {isa = PBXFileReference; fileEncoding = 4; lastKnownFileType = sourcecode.c.objc; name = SBJsonStreamParser.m; path = Classes/SBJsonStreamParser.m; sourceTree = "<group>"; };
		E0D3DBF71631D4B90008A612 /* SBJsonStreamParserAccumulator.h */ = {isa = PBXFileReference; fileEncoding = 4; lastKnownFileType = sourcecode.c.h; name = SBJsonStreamParserAccumulator.h; path = Classes/SBJsonStreamParserAccumulator.h; sourceTree = "<group>"; };
		E0D3DBF81631D4B90008A612 /* SBJsonStreamParserAccumulator.m */ = {isa = PBXFileReference; fileEncoding = 4; lastKnownFileType = sourcecode.c.objc; name = SBJsonStreamParserAccumulator.m; path = Classes/SBJsonStreamParserAccumulator.m; sourceTree = "<group>"; };
		E0D3DBF91631D4B90008A612 /* SBJsonStreamParserAdapter.h */ = {isa = PBXFileReference; fileEncoding = 4; lastKnownFileType = sourcecode.c.h; name = SBJsonStreamParserAdapter.h; path = Classes/SBJsonStreamParserAdapter.h; sourceTree = "<group>"; };
		E0D3DBFA1631D4B90008A612 /* SBJsonStreamParserAdapter.m */ = {isa = PBXFileReference; fileEncoding = 4; lastKnownFileType = sourcecode.c.objc; name = SBJsonStreamParserAdapter.m; path = Classes/SBJsonStreamParserAdapter.m; sourceTree = "<group>"; };
		E0D3DBFB1631D4B90008A612 /* SBJsonStreamParserState.h */ = {isa = PBXFileReference; fileEncoding = 4; lastKnownFileType = sourcecode.c.h; name = SBJsonStreamParserState.h; path = Classes/SBJsonStreamParserState.h; sourceTree = "<group>"; };
		E0D3DBFC1631D4B90008A612 /* SBJsonStreamParserState.m */ = {isa = PBXFileReference; fileEncoding = 4; lastKnownFileType = sourcecode.c.objc; name = SBJsonStreamParserState.m; path = Classes/SBJsonStreamParserState.m; sourceTree = "<group>"; };
		E0D3DBFD1631D4B90008A612 /* SBJsonStreamWriter.h */ = {isa = PBXFileReference; fileEncoding = 4; lastKnownFileType = sourcecode.c.h; name = SBJsonStreamWriter.h; path = Classes/SBJsonStreamWriter.h; sourceTree = "<group>"; };
		E0D3DBFE1631D4B90008A612 /* SBJsonStreamWriter.m */ = {isa = PBXFileReference; fileEncoding = 4; lastKnownFileType = sourcecode.c.objc; name = SBJsonStreamWriter.m; path = Classes/SBJsonStreamWriter.m; sourceTree = "<group>"; };
		E0D3DBFF1631D4B90008A612 /* SBJsonStreamWriterAccumulator.h */ = {isa = PBXFileReference; fileEncoding = 4; lastKnownFileType = sourcecode.c.h; name = SBJsonStreamWriterAccumulator.h; path = Classes/SBJsonStreamWriterAccumulator.h; sourceTree = "<group>"; };
		E0D3DC001631D4B90008A612 /* SBJsonStreamWriterAccumulator.m */ = {isa = PBXFileReference; fileEncoding = 4; lastKnownFileType = sourcecode.c.objc; name = SBJsonStreamWriterAccumulator.m; path = Classes/SBJsonStreamWriterAccumulator.m; sourceTree = "<group>"; };
		E0D3DC011631D4B90008A612 /* SBJsonStreamWriterState.h */ = {isa = PBXFileReference; fileEncoding = 4; lastKnownFileType = sourcecode.c.h; name = SBJsonStreamWriterState.h; path = Classes/SBJsonStreamWriterState.h; sourceTree = "<group>"; };
		E0D3DC021631D4B90008A612 /* SBJsonStreamWriterState.m */ = {isa = PBXFileReference; fileEncoding = 4; lastKnownFileType = sourcecode.c.objc; name = SBJsonStreamWriterState.m; path = Classes/SBJsonStreamWriterState.m; sourceTree = "<group>"; };
		E0D3DC031631D4B90008A612 /* SBJsonTokeniser.h */ = {isa = PBXFileReference; fileEncoding = 4; lastKnownFileType = sourcecode.c.h; name = SBJsonTokeniser.h; path = Classes/SBJsonTokeniser.h; sourceTree = "<group>"; };
		E0D3DC041631D4B90008A612 /* SBJsonTokeniser.m */ = {isa = PBXFileReference; fileEncoding = 4; lastKnownFileType = sourcecode.c.objc; name = SBJsonTokeniser.m; path = Classes/SBJsonTokeniser.m; sourceTree = "<group>"; };
		E0D3DC051631D4B90008A612 /* SBJsonUTF8Stream.h */ = {isa = PBXFileReference; fileEncoding = 4; lastKnownFileType = sourcecode.c.h; name = SBJsonUTF8Stream.h; path = Classes/SBJsonUTF8Stream.h; sourceTree = "<group>"; };
		E0D3DC061631D4B90008A612 /* SBJsonUTF8Stream.m */ = {isa = PBXFileReference; fileEncoding = 4; lastKnownFileType = sourcecode.c.objc; name = SBJsonUTF8Stream.m; path = Classes/SBJsonUTF8Stream.m; sourceTree = "<group>"; };
		E0D3DC071631D4B90008A612 /* SBJsonWriter.h */ = {isa = PBXFileReference; fileEncoding = 4; lastKnownFileType = sourcecode.c.h; name = SBJsonWriter.h; path = Classes/SBJsonWriter.h; sourceTree = "<group>"; };
		E0D3DC081631D4B90008A612 /* SBJsonWriter.m */ = {isa = PBXFileReference; fileEncoding = 4; lastKnownFileType = sourcecode.c.objc; name = SBJsonWriter.m; path = Classes/SBJsonWriter.m; sourceTree = "<group>"; };
		E0D3DC181631E29A0008A612 /* CoreLocation.framework */ = {isa = PBXFileReference; lastKnownFileType = wrapper.framework; name = CoreLocation.framework; path = System/Library/Frameworks/CoreLocation.framework; sourceTree = SDKROOT; };
		E0D3DC1B1631E7EF0008A612 /* PlacesModelViewController.h */ = {isa = PBXFileReference; fileEncoding = 4; lastKnownFileType = sourcecode.c.h; path = PlacesModelViewController.h; sourceTree = "<group>"; };
		E0D3DC1C1631E7F00008A612 /* PlacesModelViewController.m */ = {isa = PBXFileReference; fileEncoding = 4; lastKnownFileType = sourcecode.c.objc; path = PlacesModelViewController.m; sourceTree = "<group>"; };
/* End PBXFileReference section */

/* Begin PBXFrameworksBuildPhase section */
		60EBE32616293EE00052B514 /* Frameworks */ = {
			isa = PBXFrameworksBuildPhase;
			buildActionMask = 2147483647;
			files = (
				6033428316324E0D00DC2213 /* MapKit.framework in Frameworks */,
				E0D3DC1A1631E2B20008A612 /* CoreLocation.framework in Frameworks */,
				60EBE32E16293EE00052B514 /* UIKit.framework in Frameworks */,
				60EBE33016293EE00052B514 /* Foundation.framework in Frameworks */,
				60EBE33216293EE00052B514 /* CoreGraphics.framework in Frameworks */,
				60EBE33416293EE00052B514 /* CoreData.framework in Frameworks */,
			);
			runOnlyForDeploymentPostprocessing = 0;
		};
/* End PBXFrameworksBuildPhase section */

/* Begin PBXGroup section */
		6033428116323B7000DC2213 /* Images */ = {
			isa = PBXGroup;
			children = (
				6033427816323B5400DC2213 /* groupIcon.png */,
				6033427916323B5400DC2213 /* macbookIcon.png */,
				6033427A16323B5400DC2213 /* mapIcon.png */,
				6033427B16323B5400DC2213 /* starIcon.png */,
			);
			name = Images;
			sourceTree = "<group>";
		};
		603342841632511400DC2213 /* Models */ = {
			isa = PBXGroup;
			children = (
				603342851632513000DC2213 /* Favorites.h */,
				603342861632513000DC2213 /* Favorites.m */,
			);
			name = Models;
			sourceTree = "<group>";
		};
		60EBE31E16293EE00052B514 = {
			isa = PBXGroup;
			children = (
				60EBE33516293EE00052B514 /* rover3 */,
				60EBE32C16293EE00052B514 /* Frameworks */,
				60EBE32A16293EE00052B514 /* Products */,
			);
			sourceTree = "<group>";
		};
		60EBE32A16293EE00052B514 /* Products */ = {
			isa = PBXGroup;
			children = (
				60EBE32916293EE00052B514 /* rover3.app */,
			);
			name = Products;
			sourceTree = "<group>";
		};
		60EBE32C16293EE00052B514 /* Frameworks */ = {
			isa = PBXGroup;
			children = (
				6033428216324E0D00DC2213 /* MapKit.framework */,
				E0D3DC181631E29A0008A612 /* CoreLocation.framework */,
				60EBE32D16293EE00052B514 /* UIKit.framework */,
				60EBE32F16293EE00052B514 /* Foundation.framework */,
				60EBE33116293EE00052B514 /* CoreGraphics.framework */,
				60EBE33316293EE00052B514 /* CoreData.framework */,
			);
			name = Frameworks;
			sourceTree = "<group>";
		};
		60EBE33516293EE00052B514 /* rover3 */ = {
			isa = PBXGroup;
			children = (
				603342841632511400DC2213 /* Models */,
				6033428116323B7000DC2213 /* Images */,
				E0D3DC151631DFB00008A612 /* SBJson */,
				60EBE33E16293EE00052B514 /* AppDelegate.h */,
				60EBE33F16293EE00052B514 /* AppDelegate.m */,
				6033426E16323A2300DC2213 /* ListViewController.h */,
				6033426F16323A2300DC2213 /* ListViewController.m */,
				6033427016323A2300DC2213 /* ListViewController.xib */,
				E01F9D5916326F1200294237 /* DetailedViewController.h */,
				E01F9D5A16326F1200294237 /* DetailedViewController.m */,
				6033425E163238E700DC2213 /* MapViewController.h */,
				6033425F163238E700DC2213 /* MapViewController.m */,
				60334260163238E700DC2213 /* MapViewController.xib */,
				6033427316323A4200DC2213 /* FavoritesViewController.h */,
				6033427416323A4200DC2213 /* FavoritesViewController.m */,
				6033427516323A4200DC2213 /* FavoritesViewController.xib */,
				E0D3DC1B1631E7EF0008A612 /* PlacesModelViewController.h */,
				E0D3DC1C1631E7F00008A612 /* PlacesModelViewController.m */,
				60EBE34116293EE00052B514 /* rover3.xcdatamodeld */,
				60EBE33616293EE00052B514 /* Supporting Files */,
			);
			path = rover3;
			sourceTree = "<group>";
		};
		60EBE33616293EE00052B514 /* Supporting Files */ = {
			isa = PBXGroup;
			children = (
				60EBE33716293EE00052B514 /* rover3-Info.plist */,
				60EBE33816293EE00052B514 /* InfoPlist.strings */,
				60EBE33B16293EE00052B514 /* main.m */,
				60EBE33D16293EE00052B514 /* rover3-Prefix.pch */,
			);
			name = "Supporting Files";
			sourceTree = "<group>";
		};
		E0D3DC151631DFB00008A612 /* SBJson */ = {
			isa = PBXGroup;
			children = (
				E0D3DBF71631D4B90008A612 /* SBJsonStreamParserAccumulator.h */,
				E0D3DBF81631D4B90008A612 /* SBJsonStreamParserAccumulator.m */,
				E0D3DBF91631D4B90008A612 /* SBJsonStreamParserAdapter.h */,
				E0D3DBFA1631D4B90008A612 /* SBJsonStreamParserAdapter.m */,
				E0D3DBFB1631D4B90008A612 /* SBJsonStreamParserState.h */,
				E0D3DBFC1631D4B90008A612 /* SBJsonStreamParserState.m */,
				E0D3DBFD1631D4B90008A612 /* SBJsonStreamWriter.h */,
				E0D3DBFE1631D4B90008A612 /* SBJsonStreamWriter.m */,
				E0D3DBFF1631D4B90008A612 /* SBJsonStreamWriterAccumulator.h */,
				E0D3DC001631D4B90008A612 /* SBJsonStreamWriterAccumulator.m */,
				E0D3DC011631D4B90008A612 /* SBJsonStreamWriterState.h */,
				E0D3DC021631D4B90008A612 /* SBJsonStreamWriterState.m */,
				E0D3DC031631D4B90008A612 /* SBJsonTokeniser.h */,
				E0D3DC041631D4B90008A612 /* SBJsonTokeniser.m */,
				E0D3DC051631D4B90008A612 /* SBJsonUTF8Stream.h */,
				E0D3DC061631D4B90008A612 /* SBJsonUTF8Stream.m */,
				E0D3DC071631D4B90008A612 /* SBJsonWriter.h */,
				E0D3DC081631D4B90008A612 /* SBJsonWriter.m */,
				E0D3DBF11631D4B90008A612 /* NSObject+SBJson.m */,
				E0D3DBF21631D4B90008A612 /* SBJson.h */,
				E0D3DBF31631D4B90008A612 /* SBJsonParser.h */,
				E0D3DBF41631D4B90008A612 /* SBJsonParser.m */,
				E0D3DBF51631D4B90008A612 /* SBJsonStreamParser.h */,
				E0D3DBF61631D4B90008A612 /* SBJsonStreamParser.m */,
				E0D3DBF01631D4B90008A612 /* NSObject+SBJson.h */,
			);
			name = SBJson;
			sourceTree = "<group>";
		};
/* End PBXGroup section */

/* Begin PBXNativeTarget section */
		60EBE32816293EE00052B514 /* rover3 */ = {
			isa = PBXNativeTarget;
			buildConfigurationList = 60EBE34616293EE00052B514 /* Build configuration list for PBXNativeTarget "rover3" */;
			buildPhases = (
				60EBE32516293EE00052B514 /* Sources */,
				60EBE32616293EE00052B514 /* Frameworks */,
				60EBE32716293EE00052B514 /* Resources */,
			);
			buildRules = (
			);
			dependencies = (
			);
			name = rover3;
			productName = rover3;
			productReference = 60EBE32916293EE00052B514 /* rover3.app */;
			productType = "com.apple.product-type.application";
		};
/* End PBXNativeTarget section */

/* Begin PBXProject section */
		60EBE32016293EE00052B514 /* Project object */ = {
			isa = PBXProject;
			attributes = {
				LastUpgradeCheck = 0450;
				ORGANIZATIONNAME = "Jesse Chen";
			};
			buildConfigurationList = 60EBE32316293EE00052B514 /* Build configuration list for PBXProject "rover3" */;
			compatibilityVersion = "Xcode 3.2";
			developmentRegion = English;
			hasScannedForEncodings = 0;
			knownRegions = (
				en,
			);
			mainGroup = 60EBE31E16293EE00052B514;
			productRefGroup = 60EBE32A16293EE00052B514 /* Products */;
			projectDirPath = "";
			projectRoot = "";
			targets = (
				60EBE32816293EE00052B514 /* rover3 */,
			);
		};
/* End PBXProject section */

/* Begin PBXResourcesBuildPhase section */
		60EBE32716293EE00052B514 /* Resources */ = {
			isa = PBXResourcesBuildPhase;
			buildActionMask = 2147483647;
			files = (
				60EBE33A16293EE00052B514 /* InfoPlist.strings in Resources */,
				60334262163238E700DC2213 /* MapViewController.xib in Resources */,
				6033427216323A2300DC2213 /* ListViewController.xib in Resources */,
				6033427716323A4200DC2213 /* FavoritesViewController.xib in Resources */,
				6033427C16323B5400DC2213 /* groupIcon.png in Resources */,
				6033427D16323B5400DC2213 /* macbookIcon.png in Resources */,
				6033427E16323B5400DC2213 /* mapIcon.png in Resources */,
				6033427F16323B5400DC2213 /* starIcon.png in Resources */,
			);
			runOnlyForDeploymentPostprocessing = 0;
		};
/* End PBXResourcesBuildPhase section */

/* Begin PBXSourcesBuildPhase section */
		60EBE32516293EE00052B514 /* Sources */ = {
			isa = PBXSourcesBuildPhase;
			buildActionMask = 2147483647;
			files = (
				60EBE33C16293EE00052B514 /* main.m in Sources */,
				60EBE34016293EE00052B514 /* AppDelegate.m in Sources */,
				60EBE34316293EE00052B514 /* rover3.xcdatamodeld in Sources */,
				E0D3DC091631D4B90008A612 /* NSObject+SBJson.m in Sources */,
				E0D3DC0A1631D4B90008A612 /* SBJsonParser.m in Sources */,
				E0D3DC0B1631D4B90008A612 /* SBJsonStreamParser.m in Sources */,
				E0D3DC0C1631D4B90008A612 /* SBJsonStreamParserAccumulator.m in Sources */,
				E0D3DC0D1631D4B90008A612 /* SBJsonStreamParserAdapter.m in Sources */,
				E0D3DC0E1631D4B90008A612 /* SBJsonStreamParserState.m in Sources */,
				E0D3DC0F1631D4B90008A612 /* SBJsonStreamWriter.m in Sources */,
				E0D3DC101631D4B90008A612 /* SBJsonStreamWriterAccumulator.m in Sources */,
				E0D3DC111631D4B90008A612 /* SBJsonStreamWriterState.m in Sources */,
				E0D3DC121631D4B90008A612 /* SBJsonTokeniser.m in Sources */,
				E0D3DC131631D4B90008A612 /* SBJsonUTF8Stream.m in Sources */,
				E0D3DC141631D4B90008A612 /* SBJsonWriter.m in Sources */,
				E0D3DC1D1631E7F00008A612 /* PlacesModelViewController.m in Sources */,
				60334261163238E700DC2213 /* MapViewController.m in Sources */,
				6033427116323A2300DC2213 /* ListViewController.m in Sources */,
				6033427616323A4200DC2213 /* FavoritesViewController.m in Sources */,
				603342871632513000DC2213 /* Favorites.m in Sources */,
				E01F9D5B16326F1200294237 /* DetailedViewController.m in Sources */,
			);
			runOnlyForDeploymentPostprocessing = 0;
		};
/* End PBXSourcesBuildPhase section */

/* Begin PBXVariantGroup section */
		60EBE33816293EE00052B514 /* InfoPlist.strings */ = {
			isa = PBXVariantGroup;
			children = (
				60EBE33916293EE00052B514 /* en */,
			);
			name = InfoPlist.strings;
			sourceTree = "<group>";
		};
/* End PBXVariantGroup section */

/* Begin XCBuildConfiguration section */
		60EBE34416293EE00052B514 /* Debug */ = {
			isa = XCBuildConfiguration;
			buildSettings = {
				ALWAYS_SEARCH_USER_PATHS = NO;
				CLANG_CXX_LANGUAGE_STANDARD = "gnu++0x";
				CLANG_ENABLE_OBJC_ARC = YES;
				CLANG_WARN__DUPLICATE_METHOD_MATCH = YES;
				"CODE_SIGN_IDENTITY[sdk=iphoneos*]" = "iPhone Developer";
				COPY_PHASE_STRIP = NO;
				GCC_C_LANGUAGE_STANDARD = gnu99;
				GCC_DYNAMIC_NO_PIC = NO;
				GCC_OPTIMIZATION_LEVEL = 0;
				GCC_PREPROCESSOR_DEFINITIONS = (
					"DEBUG=1",
					"$(inherited)",
				);
				GCC_SYMBOLS_PRIVATE_EXTERN = NO;
				GCC_WARN_ABOUT_RETURN_TYPE = YES;
				GCC_WARN_UNINITIALIZED_AUTOS = YES;
				GCC_WARN_UNUSED_VARIABLE = YES;
				IPHONEOS_DEPLOYMENT_TARGET = 6.0;
				SDKROOT = iphoneos;
			};
			name = Debug;
		};
		60EBE34516293EE00052B514 /* Release */ = {
			isa = XCBuildConfiguration;
			buildSettings = {
				ALWAYS_SEARCH_USER_PATHS = NO;
				CLANG_CXX_LANGUAGE_STANDARD = "gnu++0x";
				CLANG_ENABLE_OBJC_ARC = YES;
				CLANG_WARN__DUPLICATE_METHOD_MATCH = YES;
				"CODE_SIGN_IDENTITY[sdk=iphoneos*]" = "iPhone Developer";
				COPY_PHASE_STRIP = YES;
				GCC_C_LANGUAGE_STANDARD = gnu99;
				GCC_WARN_ABOUT_RETURN_TYPE = YES;
				GCC_WARN_UNINITIALIZED_AUTOS = YES;
				GCC_WARN_UNUSED_VARIABLE = YES;
				IPHONEOS_DEPLOYMENT_TARGET = 6.0;
				OTHER_CFLAGS = "-DNS_BLOCK_ASSERTIONS=1";
				SDKROOT = iphoneos;
				VALIDATE_PRODUCT = YES;
			};
			name = Release;
		};
		60EBE34716293EE00052B514 /* Debug */ = {
			isa = XCBuildConfiguration;
			buildSettings = {
				GCC_PRECOMPILE_PREFIX_HEADER = YES;
				GCC_PREFIX_HEADER = "rover3/rover3-Prefix.pch";
				INFOPLIST_FILE = "rover3/rover3-Info.plist";
				PRODUCT_NAME = "$(TARGET_NAME)";
				WRAPPER_EXTENSION = app;
			};
			name = Debug;
		};
		60EBE34816293EE00052B514 /* Release */ = {
			isa = XCBuildConfiguration;
			buildSettings = {
				GCC_PRECOMPILE_PREFIX_HEADER = YES;
				GCC_PREFIX_HEADER = "rover3/rover3-Prefix.pch";
				INFOPLIST_FILE = "rover3/rover3-Info.plist";
				PRODUCT_NAME = "$(TARGET_NAME)";
				WRAPPER_EXTENSION = app;
			};
			name = Release;
		};
/* End XCBuildConfiguration section */

/* Begin XCConfigurationList section */
		60EBE32316293EE00052B514 /* Build configuration list for PBXProject "rover3" */ = {
			isa = XCConfigurationList;
			buildConfigurations = (
				60EBE34416293EE00052B514 /* Debug */,
				60EBE34516293EE00052B514 /* Release */,
			);
			defaultConfigurationIsVisible = 0;
			defaultConfigurationName = Release;
		};
		60EBE34616293EE00052B514 /* Build configuration list for PBXNativeTarget "rover3" */ = {
			isa = XCConfigurationList;
			buildConfigurations = (
				60EBE34716293EE00052B514 /* Debug */,
				60EBE34816293EE00052B514 /* Release */,
			);
			defaultConfigurationIsVisible = 0;
			defaultConfigurationName = Release;
		};
/* End XCConfigurationList section */

/* Begin XCVersionGroup section */
		60EBE34116293EE00052B514 /* rover3.xcdatamodeld */ = {
			isa = XCVersionGroup;
			children = (
				60EBE34216293EE00052B514 /* rover3.xcdatamodel */,
			);
			currentVersion = 60EBE34216293EE00052B514 /* rover3.xcdatamodel */;
			path = rover3.xcdatamodeld;
			sourceTree = "<group>";
			versionGroupType = wrapper.xcdatamodel;
		};
/* End XCVersionGroup section */
	};
	rootObject = 60EBE32016293EE00052B514 /* Project object */;
}
